
Microsoft Visual Studio Solution File, Format Version 11.00
# Visual Studio 2010
Project("{FAE04EC0-301F-11D3-BF4B-00C04F79EFBC}") = "Text-To-Speech", "Text-To-Speech\Text-To-Speech.csproj", "{DF0DEDDF-4055-4DC0-BA46-F9F15C871CCE}"
EndProject
Global
	GlobalSection(SolutionConfigurationPlatforms) = preSolution
		Debug|Any CPU = Debug|Any CPU
		Release|Any CPU = Release|Any CPU
	EndGlobalSection
	GlobalSection(ProjectConfigurationPlatforms) = postSolution
		{DF0DEDDF-4055-4DC0-BA46-F9F15C871CCE}.Debug|Any CPU.ActiveCfg = Debug|Any CPU
		{DF0DEDDF-4055-4DC0-BA46-F9F15C871CCE}.Debug|Any CPU.Build.0 = Debug|Any CPU
		{DF0DEDDF-4055-4DC0-BA46-F9F15C871CCE}.Release|Any CPU.ActiveCfg = Release|Any CPU
		{DF0DEDDF-4055-4DC0-BA46-F9F15C871CCE}.Release|Any CPU.Build.0 = Release|Any CPU
	EndGlobalSection
	GlobalSection(SolutionProperties) = preSolution
		HideSolutionNode = FALSE
	EndGlobalSection
EndGlobal
